# This file is automatically @generated by Wally.
# It is not intended for manual editing.
registry = "test"

[[package]]
name = "arsonistd/arsonist-framework"
version = "0.1.0"
dependencies = [["Janitor", "howmanysmall/janitor@1.13.15"], ["Roact", "roblox/roact@1.4.2"], ["RoactFlipper", "reselim/roact-flipper@1.1.0"], ["RoactHooks", "kampfkarren/roact-hooks@0.3.0"], ["RoactRouter", "reselim/roact-router@1.0.3"], ["Signal", "sleitnick/signal@1.0.1"]]

[[package]]
name = "howmanysmall/janitor"
version = "1.13.15"
dependencies = []

[[package]]
name = "kampfkarren/roact-hooks"
version = "0.3.0"
dependencies = []

[[package]]
name = "reselim/flipper"
version = "2.0.0"
dependencies = []

[[package]]
name = "reselim/roact-flipper"
version = "1.1.0"
dependencies = [["Flipper", "reselim/flipper@2.0.0"], ["Roact", "roblox/roact@1.4.2"]]

[[package]]
name = "reselim/roact-router"
version = "1.0.3"
dependencies = [["Roact", "roblox/roact@1.4.2"]]

[[package]]
name = "roblox/roact"
version = "1.4.2"
dependencies = []

[[package]]
name = "sleitnick/signal"
version = "1.0.1"
dependencies = []
